{
  "name": "@shared/shared",
  "version": "1.0.0",
  "lockfileVersion": 3,
  "requires": true,
  "packages": {
    "": {
      "name": "@shared/shared",
      "version": "1.0.0",
      "dependencies": {
        "@shared/shared": "file:"
      }
    },
    "node_modules/@shared/shared": {
      "resolved": "",
      "link": true
    }
  }
}
